<?xml version="1.0" encoding="utf-8"?>
<Project ToolsVersion="4.0" xmlns="http://schemas.microsoft.com/developer/msbuild/2003">
  <ItemGroup>
    <ClCompile Include="main.cpp" />
    <ClCompile Include="ArrayList\ArrayList.cpp">
      <Filter>ArrayList</Filter>
    </ClCompile>
    <ClCompile Include="LinkedList\SinglyLinkedList.cpp">
      <Filter>LinkedList</Filter>
    </ClCompile>
    <ClCompile Include="LinkedList\DoublyLinkedList.cpp">
      <Filter>LinkedList</Filter>
    </ClCompile>
    <ClCompile Include="LinkedList\SinglyCircularLinkedList.cpp">
      <Filter>LinkedList</Filter>
    </ClCompile>
    <ClCompile Include="LinkedList\DoublyCircularLinkedList.cpp">
      <Filter>LinkedList</Filter>
    </ClCompile>
    <ClCompile Include="Stack\ArrayListStack.cpp">
      <Filter>Stack</Filter>
    </ClCompile>
    <ClCompile Include="Stack\LinkedListStack.cpp">
      <Filter>Stack</Filter>
    </ClCompile>
  </ItemGroup>
  <ItemGroup>
    <Filter Include="ArrayList">
      <UniqueIdentifier>{43ba45f8-90c7-4bbc-855b-0677a0eeb0a8}</UniqueIdentifier>
    </Filter>
    <Filter Include="LinkedList">
      <UniqueIdentifier>{2c80d31a-38ad-43ce-ba5d-d6b13ed3cbc6}</UniqueIdentifier>
    </Filter>
    <Filter Include="Stack">
      <UniqueIdentifier>{385ebff3-d6e4-4791-b251-4099626cc1e7}</UniqueIdentifier>
    </Filter>
  </ItemGroup>
  <ItemGroup>
    <ClInclude Include="ArrayList\ArrayList.h">
      <Filter>ArrayList</Filter>
    </ClInclude>
    <ClInclude Include="LinkedList\SinglyLinkedList.h">
      <Filter>LinkedList</Filter>
    </ClInclude>
    <ClInclude Include="LinkedList\DoublyLinkedList.h">
      <Filter>LinkedList</Filter>
    </ClInclude>
    <ClInclude Include="LinkedList\SinglyCircularLinkedList.h">
      <Filter>LinkedList</Filter>
    </ClInclude>
    <ClInclude Include="LinkedList\DoublyCircularLinkedList.h">
      <Filter>LinkedList</Filter>
    </ClInclude>
    <ClInclude Include="Stack\ArrayListStack.h">
      <Filter>Stack</Filter>
    </ClInclude>
    <ClInclude Include="Stack\LinkedListStack.h">
      <Filter>Stack</Filter>
    </ClInclude>
  </ItemGroup>
</Project>