<?xml version="1.0" encoding="utf-8"?>
<Project ToolsVersion="4.0" xmlns="http://schemas.microsoft.com/developer/msbuild/2003">
  <ItemGroup>
    <ClCompile Include="main.cpp" />
    <ClCompile Include="ArrayList\ArrayList.cpp">
      <Filter>ArrayList</Filter>
    </ClCompile>
    <ClCompile Include="LinkedList\SinglyLinkedList.cpp">
      <Filter>LinkedList</Filter>
    </ClCompile>
    <ClCompile Include="LinkedList\DoublyLinkedList.cpp">
      <Filter>LinkedList</Filter>
    </ClCompile>
    <ClCompile Include="LinkedList\SinglyCircularLinkedList.cpp">
      <Filter>LinkedList</Filter>
    </ClCompile>
    <ClCompile Include="LinkedList\DoublyCircularLinkedList.cpp">
      <Filter>LinkedList</Filter>
    </ClCompile>
    <ClCompile Include="Stack\ArrayListStack.cpp">
      <Filter>Stack</Filter>
    </ClCompile>
    <ClCompile Include="Stack\LinkedListStack.cpp">
      <Filter>Stack</Filter>
    </ClCompile>
    <ClCompile Include="Queue\ArrayListQueue.cpp">
      <Filter>Queue</Filter>
    </ClCompile>
    <ClCompile Include="Queue\LinkedListQueue.cpp">
      <Filter>Queue</Filter>
    </ClCompile>
    <ClCompile Include="Queue\CircularQueue.cpp">
      <Filter>Queue</Filter>
    </ClCompile>
    <ClCompile Include="BinarySearchTree\BinarySearchTree.cpp">
      <Filter>BinarySearchTree</Filter>
    </ClCompile>
    <ClCompile Include="Graph\ArrayGraph.cpp">
      <Filter>Graph</Filter>
    </ClCompile>
    <ClCompile Include="Graph\ArrayListGraph.cpp">
      <Filter>Graph</Filter>
    </ClCompile>
  </ItemGroup>
  <ItemGroup>
    <Filter Include="ArrayList">
      <UniqueIdentifier>{43ba45f8-90c7-4bbc-855b-0677a0eeb0a8}</UniqueIdentifier>
    </Filter>
    <Filter Include="LinkedList">
      <UniqueIdentifier>{2c80d31a-38ad-43ce-ba5d-d6b13ed3cbc6}</UniqueIdentifier>
    </Filter>
    <Filter Include="Stack">
      <UniqueIdentifier>{385ebff3-d6e4-4791-b251-4099626cc1e7}</UniqueIdentifier>
    </Filter>
    <Filter Include="Queue">
      <UniqueIdentifier>{ba5ba4f3-8553-42e5-b2f7-9754faeee51c}</UniqueIdentifier>
    </Filter>
    <Filter Include="BinarySearchTree">
      <UniqueIdentifier>{206a6ceb-9781-4541-aa1e-958813ddb06d}</UniqueIdentifier>
    </Filter>
    <Filter Include="Graph">
      <UniqueIdentifier>{1f886432-48a5-4eb0-8cef-cba1e8f21658}</UniqueIdentifier>
    </Filter>
  </ItemGroup>
  <ItemGroup>
    <ClInclude Include="ArrayList\ArrayList.h">
      <Filter>ArrayList</Filter>
    </ClInclude>
    <ClInclude Include="LinkedList\SinglyLinkedList.h">
      <Filter>LinkedList</Filter>
    </ClInclude>
    <ClInclude Include="LinkedList\DoublyLinkedList.h">
      <Filter>LinkedList</Filter>
    </ClInclude>
    <ClInclude Include="LinkedList\SinglyCircularLinkedList.h">
      <Filter>LinkedList</Filter>
    </ClInclude>
    <ClInclude Include="LinkedList\DoublyCircularLinkedList.h">
      <Filter>LinkedList</Filter>
    </ClInclude>
    <ClInclude Include="Stack\ArrayListStack.h">
      <Filter>Stack</Filter>
    </ClInclude>
    <ClInclude Include="Stack\LinkedListStack.h">
      <Filter>Stack</Filter>
    </ClInclude>
    <ClInclude Include="Queue\ArrayListQueue.h">
      <Filter>Queue</Filter>
    </ClInclude>
    <ClInclude Include="Queue\LinkedListQueue.h">
      <Filter>Queue</Filter>
    </ClInclude>
    <ClInclude Include="Queue\CircularQueue.h">
      <Filter>Queue</Filter>
    </ClInclude>
    <ClInclude Include="BinarySearchTree\BinarySearchTree.h">
      <Filter>BinarySearchTree</Filter>
    </ClInclude>
    <ClInclude Include="Graph\ArrayGraph.h">
      <Filter>Graph</Filter>
    </ClInclude>
    <ClInclude Include="Graph\ArrayListGraph.h">
      <Filter>Graph</Filter>
    </ClInclude>
  </ItemGroup>
</Project>