<?xml version="1.0" encoding="utf-8"?>
<Project ToolsVersion="4.0" xmlns="http://schemas.microsoft.com/developer/msbuild/2003">
  <ItemGroup>
    <ClCompile Include="main.cpp" />
    <ClCompile Include="ArrayList\ArrayList.cpp">
      <Filter>ArrayList</Filter>
    </ClCompile>
  </ItemGroup>
  <ItemGroup>
    <Filter Include="ArrayList">
      <UniqueIdentifier>{43ba45f8-90c7-4bbc-855b-0677a0eeb0a8}</UniqueIdentifier>
    </Filter>
    <Filter Include="LinkedList">
      <UniqueIdentifier>{2c80d31a-38ad-43ce-ba5d-d6b13ed3cbc6}</UniqueIdentifier>
    </Filter>
  </ItemGroup>
  <ItemGroup>
    <ClInclude Include="ArrayList\ArrayList.h">
      <Filter>ArrayList</Filter>
    </ClInclude>
  </ItemGroup>
</Project>